
Microsoft Visual Studio Solution File, Format Version 12.00
# Visual Studio Version 17
VisualStudioVersion = 17.11.35222.181
MinimumVisualStudioVersion = 10.0.40219.1
Project("{9A19103F-16F7-4668-BE54-9A1E7A4F7556}") = "ControleAcademico1", "ControleAcademico\ControleAcademico1.csproj", "{0770DDB8-50FF-4ADF-8652-0D7AAA7DD726}"
EndProject
Global
	GlobalSection(SolutionConfigurationPlatforms) = preSolution
		Debug|Any CPU = Debug|Any CPU
		Release|Any CPU = Release|Any CPU
	EndGlobalSection
	GlobalSection(ProjectConfigurationPlatforms) = postSolution
		{0770DDB8-50FF-4ADF-8652-0D7AAA7DD726}.Debug|Any CPU.ActiveCfg = Debug|Any CPU
		{0770DDB8-50FF-4ADF-8652-0D7AAA7DD726}.Debug|Any CPU.Build.0 = Debug|Any CPU
		{0770DDB8-50FF-4ADF-8652-0D7AAA7DD726}.Release|Any CPU.ActiveCfg = Release|Any CPU
		{0770DDB8-50FF-4ADF-8652-0D7AAA7DD726}.Release|Any CPU.Build.0 = Release|Any CPU
	EndGlobalSection
	GlobalSection(SolutionProperties) = preSolution
		HideSolutionNode = FALSE
	EndGlobalSection
	GlobalSection(ExtensibilityGlobals) = postSolution
		SolutionGuid = {17C53D7D-C4A5-4187-B8B7-E081C6B8CD3A}
	EndGlobalSection
EndGlobal
